
Microsoft Visual Studio Solution File, Format Version 12.00
# Visual Studio Version 17
VisualStudioVersion = 17.9.34616.47
MinimumVisualStudioVersion = 10.0.40219.1
Project("{9A19103F-16F7-4668-BE54-9A1E7A4F7556}") = "ABPTest", "ABPTest\ABPTest.csproj", "{45C4523F-F36C-45E6-A508-289412438B38}"
EndProject
Project("{FAE04EC0-301F-11D3-BF4B-00C04F79EFBC}") = "ABPTest.UnitTest", "UnitTest\ABPTest.UnitTest\ABPTest.UnitTest.csproj", "{41F99D21-DFFF-4A97-BB43-7968B6A32860}"
EndProject
Global
	GlobalSection(SolutionConfigurationPlatforms) = preSolution
		Debug|Any CPU = Debug|Any CPU
		Release|Any CPU = Release|Any CPU
	EndGlobalSection
	GlobalSection(ProjectConfigurationPlatforms) = postSolution
		{45C4523F-F36C-45E6-A508-289412438B38}.Debug|Any CPU.ActiveCfg = Debug|Any CPU
		{45C4523F-F36C-45E6-A508-289412438B38}.Debug|Any CPU.Build.0 = Debug|Any CPU
		{45C4523F-F36C-45E6-A508-289412438B38}.Release|Any CPU.ActiveCfg = Release|Any CPU
		{45C4523F-F36C-45E6-A508-289412438B38}.Release|Any CPU.Build.0 = Release|Any CPU
		{41F99D21-DFFF-4A97-BB43-7968B6A32860}.Debug|Any CPU.ActiveCfg = Debug|Any CPU
		{41F99D21-DFFF-4A97-BB43-7968B6A32860}.Debug|Any CPU.Build.0 = Debug|Any CPU
		{41F99D21-DFFF-4A97-BB43-7968B6A32860}.Release|Any CPU.ActiveCfg = Release|Any CPU
		{41F99D21-DFFF-4A97-BB43-7968B6A32860}.Release|Any CPU.Build.0 = Release|Any CPU
	EndGlobalSection
	GlobalSection(SolutionProperties) = preSolution
		HideSolutionNode = FALSE
	EndGlobalSection
	GlobalSection(ExtensibilityGlobals) = postSolution
		SolutionGuid = {B8172B98-7585-4C1F-B789-9E363B3273F2}
	EndGlobalSection
EndGlobal
